
Microsoft Visual Studio Solution File, Format Version 12.00
# Visual Studio Version 17
VisualStudioVersion = 17.8.34330.188
MinimumVisualStudioVersion = 10.0.40219.1
Project("{FAE04EC0-301F-11D3-BF4B-00C04F79EFBC}") = "MvcCoreSeriesBeanstalk", "MvcCoreSeriesBeanstalk\MvcCoreSeriesBeanstalk.csproj", "{38EE1955-3AB7-4E3C-93DA-509E357BD9E6}"
EndProject
Global
	GlobalSection(SolutionConfigurationPlatforms) = preSolution
		Debug|Any CPU = Debug|Any CPU
		Release|Any CPU = Release|Any CPU
	EndGlobalSection
	GlobalSection(ProjectConfigurationPlatforms) = postSolution
		{38EE1955-3AB7-4E3C-93DA-509E357BD9E6}.Debug|Any CPU.ActiveCfg = Debug|Any CPU
		{38EE1955-3AB7-4E3C-93DA-509E357BD9E6}.Debug|Any CPU.Build.0 = Debug|Any CPU
		{38EE1955-3AB7-4E3C-93DA-509E357BD9E6}.Release|Any CPU.ActiveCfg = Release|Any CPU
		{38EE1955-3AB7-4E3C-93DA-509E357BD9E6}.Release|Any CPU.Build.0 = Release|Any CPU
	EndGlobalSection
	GlobalSection(SolutionProperties) = preSolution
		HideSolutionNode = FALSE
	EndGlobalSection
	GlobalSection(ExtensibilityGlobals) = postSolution
		SolutionGuid = {E3905C3D-80BA-48F3-9C64-0528D8B4121E}
	EndGlobalSection
EndGlobal
